# This file is automatically @generated by Cargo.
# It is not intended for manual editing.
version = 3

[[package]]
name = "ken-cli"
version = "0.0.0"
dependencies = [
 "ken-elaborator",
 "ken-interp",
 "ken-kernel",
]

[[package]]
name = "ken-elaborator"
version = "0.0.0"
dependencies = [
 "ken-kernel",
]

[[package]]
name = "ken-interp"
version = "0.0.0"
dependencies = [
 "ken-kernel",
]

[[package]]
name = "ken-kernel"
version = "0.0.0"
